// !$*UTF8*$!
{
	archiveVersion = 1;
	classes = {
	};
	objectVersion = 56;
	objects = {

/* Begin PBXBuildFile section */
		6CC9740E2A4E06D20062A812 /* finalproject3App.swift in Sources */ = {isa = PBXBuildFile; fileRef = 6CC9740D2A4E06D20062A812 /* finalproject3App.swift */; };
		6CC974102A4E06D20062A812 /* ContentView.swift in Sources */ = {isa = PBXBuildFile; fileRef = 6CC9740F2A4E06D20062A812 /* ContentView.swift */; };
		6CC974122A4E06D30062A812 /* Assets.xcassets in Resources */ = {isa = PBXBuildFile; fileRef = 6CC974112A4E06D30062A812 /* Assets.xcassets */; };
		6CC974152A4E06D30062A812 /* Preview Assets.xcassets in Resources */ = {isa = PBXBuildFile; fileRef = 6CC974142A4E06D30062A812 /* Preview Assets.xcassets */; };
		6CC9741C2A4E07BC0062A812 /* dailyjournal.swift in Sources */ = {isa = PBXBuildFile; fileRef = 6CC9741B2A4E07BC0062A812 /* dailyjournal.swift */; };
		6CC9741E2A4E07CD0062A812 /* tree.swift in Sources */ = {isa = PBXBuildFile; fileRef = 6CC9741D2A4E07CD0062A812 /* tree.swift */; };
		6CC974202A4E07DA0062A812 /* resources.swift in Sources */ = {isa = PBXBuildFile; fileRef = 6CC9741F2A4E07DA0062A812 /* resources.swift */; };
		6CC974222A4E0D090062A812 /* Persistence.swift in Sources */ = {isa = PBXBuildFile; fileRef = 6CC974212A4E0D090062A812 /* Persistence.swift */; };
		6CC974242A4E27C60062A812 /* benice.swift in Sources */ = {isa = PBXBuildFile; fileRef = 6CC974232A4E27C60062A812 /* benice.swift */; };
		6CC974262A4E27F60062A812 /* exercise.swift in Sources */ = {isa = PBXBuildFile; fileRef = 6CC974252A4E27F60062A812 /* exercise.swift */; };
		6CC974282A4E28310062A812 /* meditation.swift in Sources */ = {isa = PBXBuildFile; fileRef = 6CC974272A4E28310062A812 /* meditation.swift */; };
		6CC9742A2A4E28440062A812 /* music.swift in Sources */ = {isa = PBXBuildFile; fileRef = 6CC974292A4E28440062A812 /* music.swift */; };
		6CC9742C2A4E28550062A812 /* reframestress.swift in Sources */ = {isa = PBXBuildFile; fileRef = 6CC9742B2A4E28550062A812 /* reframestress.swift */; };
/* End PBXBuildFile section */

/* Begin PBXFileReference section */
		6CC9740A2A4E06D20062A812 /* finalproject3.app */ = {isa = PBXFileReference; explicitFileType = wrapper.application; includeInIndex = 0; path = finalproject3.app; sourceTree = BUILT_PRODUCTS_DIR; };
		6CC9740D2A4E06D20062A812 /* finalproject3App.swift */ = {isa = PBXFileReference; lastKnownFileType = sourcecode.swift; path = finalproject3App.swift; sourceTree = "<group>"; };
		6CC9740F2A4E06D20062A812 /* ContentView.swift */ = {isa = PBXFileReference; lastKnownFileType = sourcecode.swift; path = ContentView.swift; sourceTree = "<group>"; };
		6CC974112A4E06D30062A812 /* Assets.xcassets */ = {isa = PBXFileReference; lastKnownFileType = folder.assetcatalog; path = Assets.xcassets; sourceTree = "<group>"; };
		6CC974142A4E06D30062A812 /* Preview Assets.xcassets */ = {isa = PBXFileReference; lastKnownFileType = folder.assetcatalog; path = "Preview Assets.xcassets"; sourceTree = "<group>"; };
		6CC9741B2A4E07BC0062A812 /* dailyjournal.swift */ = {isa = PBXFileReference; lastKnownFileType = sourcecode.swift; path = dailyjournal.swift; sourceTree = "<group>"; };
		6CC9741D2A4E07CD0062A812 /* tree.swift */ = {isa = PBXFileReference; lastKnownFileType = sourcecode.swift; path = tree.swift; sourceTree = "<group>"; };
		6CC9741F2A4E07DA0062A812 /* resources.swift */ = {isa = PBXFileReference; lastKnownFileType = sourcecode.swift; path = resources.swift; sourceTree = "<group>"; };
		6CC974212A4E0D090062A812 /* Persistence.swift */ = {isa = PBXFileReference; lastKnownFileType = sourcecode.swift; path = Persistence.swift; sourceTree = "<group>"; };
		6CC974232A4E27C60062A812 /* benice.swift */ = {isa = PBXFileReference; lastKnownFileType = sourcecode.swift; path = benice.swift; sourceTree = "<group>"; };
		6CC974252A4E27F60062A812 /* exercise.swift */ = {isa = PBXFileReference; lastKnownFileType = sourcecode.swift; path = exercise.swift; sourceTree = "<group>"; };
		6CC974272A4E28310062A812 /* meditation.swift */ = {isa = PBXFileReference; lastKnownFileType = sourcecode.swift; path = meditation.swift; sourceTree = "<group>"; };
		6CC974292A4E28440062A812 /* music.swift */ = {isa = PBXFileReference; lastKnownFileType = sourcecode.swift; path = music.swift; sourceTree = "<group>"; };
		6CC9742B2A4E28550062A812 /* reframestress.swift */ = {isa = PBXFileReference; lastKnownFileType = sourcecode.swift; path = reframestress.swift; sourceTree = "<group>"; };
/* End PBXFileReference section */

/* Begin PBXFrameworksBuildPhase section */
		6CC974072A4E06D10062A812 /* Frameworks */ = {
			isa = PBXFrameworksBuildPhase;
			buildActionMask = 2147483647;
			files = (
			);
			runOnlyForDeploymentPostprocessing = 0;
		};
/* End PBXFrameworksBuildPhase section */

/* Begin PBXGroup section */
		6CC974012A4E06D10062A812 = {
			isa = PBXGroup;
			children = (
				6CC9740C2A4E06D20062A812 /* finalproject3 */,
				6CC9740B2A4E06D20062A812 /* Products */,
			);
			sourceTree = "<group>";
		};
		6CC9740B2A4E06D20062A812 /* Products */ = {
			isa = PBXGroup;
			children = (
				6CC9740A2A4E06D20062A812 /* finalproject3.app */,
			);
			name = Products;
			sourceTree = "<group>";
		};
		6CC9740C2A4E06D20062A812 /* finalproject3 */ = {
			isa = PBXGroup;
			children = (
				6CC9740D2A4E06D20062A812 /* finalproject3App.swift */,
				6CC9740F2A4E06D20062A812 /* ContentView.swift */,
				6CC974212A4E0D090062A812 /* Persistence.swift */,
				6CC9741B2A4E07BC0062A812 /* dailyjournal.swift */,
				6CC9741D2A4E07CD0062A812 /* tree.swift */,
				6CC9741F2A4E07DA0062A812 /* resources.swift */,
				6CC9742B2A4E28550062A812 /* reframestress.swift */,
				6CC974292A4E28440062A812 /* music.swift */,
				6CC974272A4E28310062A812 /* meditation.swift */,
				6CC974252A4E27F60062A812 /* exercise.swift */,
				6CC974232A4E27C60062A812 /* benice.swift */,
				6CC974112A4E06D30062A812 /* Assets.xcassets */,
				6CC974132A4E06D30062A812 /* Preview Content */,
			);
			path = finalproject3;
			sourceTree = "<group>";
		};
		6CC974132A4E06D30062A812 /* Preview Content */ = {
			isa = PBXGroup;
			children = (
				6CC974142A4E06D30062A812 /* Preview Assets.xcassets */,
			);
			path = "Preview Content";
			sourceTree = "<group>";
		};
/* End PBXGroup section */

/* Begin PBXNativeTarget section */
		6CC974092A4E06D10062A812 /* finalproject3 */ = {
			isa = PBXNativeTarget;
			buildConfigurationList = 6CC974182A4E06D30062A812 /* Build configuration list for PBXNativeTarget "finalproject3" */;
			buildPhases = (
				6CC974062A4E06D10062A812 /* Sources */,
				6CC974072A4E06D10062A812 /* Frameworks */,
				6CC974082A4E06D10062A812 /* Resources */,
			);
			buildRules = (
			);
			dependencies = (
			);
			name = finalproject3;
			productName = finalproject3;
			productReference = 6CC9740A2A4E06D20062A812 /* finalproject3.app */;
			productType = "com.apple.product-type.application";
		};
/* End PBXNativeTarget section */

/* Begin PBXProject section */
		6CC974022A4E06D10062A812 /* Project object */ = {
			isa = PBXProject;
			attributes = {
				BuildIndependentTargetsInParallel = 1;
				LastSwiftUpdateCheck = 1430;
				LastUpgradeCheck = 1430;
				TargetAttributes = {
					6CC974092A4E06D10062A812 = {
						CreatedOnToolsVersion = 14.3.1;
					};
				};
			};
			buildConfigurationList = 6CC974052A4E06D10062A812 /* Build configuration list for PBXProject "finalproject3" */;
			compatibilityVersion = "Xcode 14.0";
			developmentRegion = en;
			hasScannedForEncodings = 0;
			knownRegions = (
				en,
				Base,
			);
			mainGroup = 6CC974012A4E06D10062A812;
			productRefGroup = 6CC9740B2A4E06D20062A812 /* Products */;
			projectDirPath = "";
			projectRoot = "";
			targets = (
				6CC974092A4E06D10062A812 /* finalproject3 */,
			);
		};
/* End PBXProject section */

/* Begin PBXResourcesBuildPhase section */
		6CC974082A4E06D10062A812 /* Resources */ = {
			isa = PBXResourcesBuildPhase;
			buildActionMask = 2147483647;
			files = (
				6CC974152A4E06D30062A812 /* Preview Assets.xcassets in Resources */,
				6CC974122A4E06D30062A812 /* Assets.xcassets in Resources */,
			);
			runOnlyForDeploymentPostprocessing = 0;
		};
/* End PBXResourcesBuildPhase section */

/* Begin PBXSourcesBuildPhase section */
		6CC974062A4E06D10062A812 /* Sources */ = {
			isa = PBXSourcesBuildPhase;
			buildActionMask = 2147483647;
			files = (
				6CC974102A4E06D20062A812 /* ContentView.swift in Sources */,
				6CC9742A2A4E28440062A812 /* music.swift in Sources */,
				6CC974262A4E27F60062A812 /* exercise.swift in Sources */,
				6CC9741E2A4E07CD0062A812 /* tree.swift in Sources */,
				6CC974202A4E07DA0062A812 /* resources.swift in Sources */,
				6CC974222A4E0D090062A812 /* Persistence.swift in Sources */,
				6CC9740E2A4E06D20062A812 /* finalproject3App.swift in Sources */,
				6CC9742C2A4E28550062A812 /* reframestress.swift in Sources */,
				6CC974242A4E27C60062A812 /* benice.swift in Sources */,
				6CC974282A4E28310062A812 /* meditation.swift in Sources */,
				6CC9741C2A4E07BC0062A812 /* dailyjournal.swift in Sources */,
			);
			runOnlyForDeploymentPostprocessing = 0;
		};
/* End PBXSourcesBuildPhase section */

/* Begin XCBuildConfiguration section */
		6CC974162A4E06D30062A812 /* Debug */ = {
			isa = XCBuildConfiguration;
			buildSettings = {
				ALWAYS_SEARCH_USER_PATHS = NO;
				CLANG_ANALYZER_NONNULL = YES;
				CLANG_ANALYZER_NUMBER_OBJECT_CONVERSION = YES_AGGRESSIVE;
				CLANG_CXX_LANGUAGE_STANDARD = "gnu++20";
				CLANG_ENABLE_MODULES = YES;
				CLANG_ENABLE_OBJC_ARC = YES;
				CLANG_ENABLE_OBJC_WEAK = YES;
				CLANG_WARN_BLOCK_CAPTURE_AUTORELEASING = YES;
				CLANG_WARN_BOOL_CONVERSION = YES;
				CLANG_WARN_COMMA = YES;
				CLANG_WARN_CONSTANT_CONVERSION = YES;
				CLANG_WARN_DEPRECATED_OBJC_IMPLEMENTATIONS = YES;
				CLANG_WARN_DIRECT_OBJC_ISA_USAGE = YES_ERROR;
				CLANG_WARN_DOCUMENTATION_COMMENTS = YES;
				CLANG_WARN_EMPTY_BODY = YES;
				CLANG_WARN_ENUM_CONVERSION = YES;
				CLANG_WARN_INFINITE_RECURSION = YES;
				CLANG_WARN_INT_CONVERSION = YES;
				CLANG_WARN_NON_LITERAL_NULL_CONVERSION = YES;
				CLANG_WARN_OBJC_IMPLICIT_RETAIN_SELF = YES;
				CLANG_WARN_OBJC_LITERAL_CONVERSION = YES;
				CLANG_WARN_OBJC_ROOT_CLASS = YES_ERROR;
				CLANG_WARN_QUOTED_INCLUDE_IN_FRAMEWORK_HEADER = YES;
				CLANG_WARN_RANGE_LOOP_ANALYSIS = YES;
				CLANG_WARN_STRICT_PROTOTYPES = YES;
				CLANG_WARN_SUSPICIOUS_MOVE = YES;
				CLANG_WARN_UNGUARDED_AVAILABILITY = YES_AGGRESSIVE;
				CLANG_WARN_UNREACHABLE_CODE = YES;
				CLANG_WARN__DUPLICATE_METHOD_MATCH = YES;
				COPY_PHASE_STRIP = NO;
				DEBUG_INFORMATION_FORMAT = dwarf;
				ENABLE_STRICT_OBJC_MSGSEND = YES;
				ENABLE_TESTABILITY = YES;
				GCC_C_LANGUAGE_STANDARD = gnu11;
				GCC_DYNAMIC_NO_PIC = NO;
				GCC_NO_COMMON_BLOCKS = YES;
				GCC_OPTIMIZATION_LEVEL = 0;
				GCC_PREPROCESSOR_DEFINITIONS = (
					"DEBUG=1",
					"$(inherited)",
				);
				GCC_WARN_64_TO_32_BIT_CONVERSION = YES;
				GCC_WARN_ABOUT_RETURN_TYPE = YES_ERROR;
				GCC_WARN_UNDECLARED_SELECTOR = YES;
				GCC_WARN_UNINITIALIZED_AUTOS = YES_AGGRESSIVE;
				GCC_WARN_UNUSED_FUNCTION = YES;
				GCC_WARN_UNUSED_VARIABLE = YES;
				IPHONEOS_DEPLOYMENT_TARGET = 16.4;
				MTL_ENABLE_DEBUG_INFO = INCLUDE_SOURCE;
				MTL_FAST_MATH = YES;
				ONLY_ACTIVE_ARCH = YES;
				SDKROOT = iphoneos;
				SWIFT_ACTIVE_COMPILATION_CONDITIONS = DEBUG;
				SWIFT_OPTIMIZATION_LEVEL = "-Onone";
			};
			name = Debug;
		};
		6CC974172A4E06D30062A812 /* Release */ = {
			isa = XCBuildConfiguration;
			buildSettings = {
				ALWAYS_SEARCH_USER_PATHS = NO;
				CLANG_ANALYZER_NONNULL = YES;
				CLANG_ANALYZER_NUMBER_OBJECT_CONVERSION = YES_AGGRESSIVE;
				CLANG_CXX_LANGUAGE_STANDARD = "gnu++20";
				CLANG_ENABLE_MODULES = YES;
				CLANG_ENABLE_OBJC_ARC = YES;
				CLANG_ENABLE_OBJC_WEAK = YES;
				CLANG_WARN_BLOCK_CAPTURE_AUTORELEASING = YES;
				CLANG_WARN_BOOL_CONVERSION = YES;
				CLANG_WARN_COMMA = YES;
				CLANG_WARN_CONSTANT_CONVERSION = YES;
				CLANG_WARN_DEPRECATED_OBJC_IMPLEMENTATIONS = YES;
				CLANG_WARN_DIRECT_OBJC_ISA_USAGE = YES_ERROR;
				CLANG_WARN_DOCUMENTATION_COMMENTS = YES;
				CLANG_WARN_EMPTY_BODY = YES;
				CLANG_WARN_ENUM_CONVERSION = YES;
				CLANG_WARN_INFINITE_RECURSION = YES;
				CLANG_WARN_INT_CONVERSION = YES;
				CLANG_WARN_NON_LITERAL_NULL_CONVERSION = YES;
				CLANG_WARN_OBJC_IMPLICIT_RETAIN_SELF = YES;
				CLANG_WARN_OBJC_LITERAL_CONVERSION = YES;
				CLANG_WARN_OBJC_ROOT_CLASS = YES_ERROR;
				CLANG_WARN_QUOTED_INCLUDE_IN_FRAMEWORK_HEADER = YES;
				CLANG_WARN_RANGE_LOOP_ANALYSIS = YES;
				CLANG_WARN_STRICT_PROTOTYPES = YES;
				CLANG_WARN_SUSPICIOUS_MOVE = YES;
				CLANG_WARN_UNGUARDED_AVAILABILITY = YES_AGGRESSIVE;
				CLANG_WARN_UNREACHABLE_CODE = YES;
				CLANG_WARN__DUPLICATE_METHOD_MATCH = YES;
				COPY_PHASE_STRIP = NO;
				DEBUG_INFORMATION_FORMAT = "dwarf-with-dsym";
				ENABLE_NS_ASSERTIONS = NO;
				ENABLE_STRICT_OBJC_MSGSEND = YES;
				GCC_C_LANGUAGE_STANDARD = gnu11;
				GCC_NO_COMMON_BLOCKS = YES;
				GCC_WARN_64_TO_32_BIT_CONVERSION = YES;
				GCC_WARN_ABOUT_RETURN_TYPE = YES_ERROR;
				GCC_WARN_UNDECLARED_SELECTOR = YES;
				GCC_WARN_UNINITIALIZED_AUTOS = YES_AGGRESSIVE;
				GCC_WARN_UNUSED_FUNCTION = YES;
				GCC_WARN_UNUSED_VARIABLE = YES;
				IPHONEOS_DEPLOYMENT_TARGET = 16.4;
				MTL_ENABLE_DEBUG_INFO = NO;
				MTL_FAST_MATH = YES;
				SDKROOT = iphoneos;
				SWIFT_COMPILATION_MODE = wholemodule;
				SWIFT_OPTIMIZATION_LEVEL = "-O";
				VALIDATE_PRODUCT = YES;
			};
			name = Release;
		};
		6CC974192A4E06D30062A812 /* Debug */ = {
			isa = XCBuildConfiguration;
			buildSettings = {
				ASSETCATALOG_COMPILER_APPICON_NAME = AppIcon;
				ASSETCATALOG_COMPILER_GLOBAL_ACCENT_COLOR_NAME = AccentColor;
				CODE_SIGN_STYLE = Automatic;
				CURRENT_PROJECT_VERSION = 1;
				DEVELOPMENT_ASSET_PATHS = "\"finalproject3/Preview Content\"";
				DEVELOPMENT_TEAM = LF2V7Q837X;
				ENABLE_PREVIEWS = YES;
				GENERATE_INFOPLIST_FILE = YES;
				INFOPLIST_KEY_UIApplicationSceneManifest_Generation = YES;
				INFOPLIST_KEY_UIApplicationSupportsIndirectInputEvents = YES;
				INFOPLIST_KEY_UILaunchScreen_Generation = YES;
				INFOPLIST_KEY_UISupportedInterfaceOrientations_iPad = "UIInterfaceOrientationPortrait UIInterfaceOrientationPortraitUpsideDown UIInterfaceOrientationLandscapeLeft UIInterfaceOrientationLandscapeRight";
				INFOPLIST_KEY_UISupportedInterfaceOrientations_iPhone = "UIInterfaceOrientationPortrait UIInterfaceOrientationLandscapeLeft UIInterfaceOrientationLandscapeRight";
				LD_RUNPATH_SEARCH_PATHS = (
					"$(inherited)",
					"@executable_path/Frameworks",
				);
				MARKETING_VERSION = 1.0;
				PRODUCT_BUNDLE_IDENTIFIER = KWK.finalproject3;
				PRODUCT_NAME = "$(TARGET_NAME)";
				SWIFT_EMIT_LOC_STRINGS = YES;
				SWIFT_VERSION = 5.0;
				TARGETED_DEVICE_FAMILY = "1,2";
			};
			name = Debug;
		};
		6CC9741A2A4E06D30062A812 /* Release */ = {
			isa = XCBuildConfiguration;
			buildSettings = {
				ASSETCATALOG_COMPILER_APPICON_NAME = AppIcon;
				ASSETCATALOG_COMPILER_GLOBAL_ACCENT_COLOR_NAME = AccentColor;
				CODE_SIGN_STYLE = Automatic;
				CURRENT_PROJECT_VERSION = 1;
				DEVELOPMENT_ASSET_PATHS = "\"finalproject3/Preview Content\"";
				DEVELOPMENT_TEAM = LF2V7Q837X;
				ENABLE_PREVIEWS = YES;
				GENERATE_INFOPLIST_FILE = YES;
				INFOPLIST_KEY_UIApplicationSceneManifest_Generation = YES;
				INFOPLIST_KEY_UIApplicationSupportsIndirectInputEvents = YES;
				INFOPLIST_KEY_UILaunchScreen_Generation = YES;
				INFOPLIST_KEY_UISupportedInterfaceOrientations_iPad = "UIInterfaceOrientationPortrait UIInterfaceOrientationPortraitUpsideDown UIInterfaceOrientationLandscapeLeft UIInterfaceOrientationLandscapeRight";
				INFOPLIST_KEY_UISupportedInterfaceOrientations_iPhone = "UIInterfaceOrientationPortrait UIInterfaceOrientationLandscapeLeft UIInterfaceOrientationLandscapeRight";
				LD_RUNPATH_SEARCH_PATHS = (
					"$(inherited)",
					"@executable_path/Frameworks",
				);
				MARKETING_VERSION = 1.0;
				PRODUCT_BUNDLE_IDENTIFIER = KWK.finalproject3;
				PRODUCT_NAME = "$(TARGET_NAME)";
				SWIFT_EMIT_LOC_STRINGS = YES;
				SWIFT_VERSION = 5.0;
				TARGETED_DEVICE_FAMILY = "1,2";
			};
			name = Release;
		};
/* End XCBuildConfiguration section */

/* Begin XCConfigurationList section */
		6CC974052A4E06D10062A812 /* Build configuration list for PBXProject "finalproject3" */ = {
			isa = XCConfigurationList;
			buildConfigurations = (
				6CC974162A4E06D30062A812 /* Debug */,
				6CC974172A4E06D30062A812 /* Release */,
			);
			defaultConfigurationIsVisible = 0;
			defaultConfigurationName = Release;
		};
		6CC974182A4E06D30062A812 /* Build configuration list for PBXNativeTarget "finalproject3" */ = {
			isa = XCConfigurationList;
			buildConfigurations = (
				6CC974192A4E06D30062A812 /* Debug */,
				6CC9741A2A4E06D30062A812 /* Release */,
			);
			defaultConfigurationIsVisible = 0;
			defaultConfigurationName = Release;
		};
/* End XCConfigurationList section */
	};
	rootObject = 6CC974022A4E06D10062A812 /* Project object */;
}
